// !$*UTF8*$!
{
	archiveVersion = 1;
	classes = {
	};
	objectVersion = 50;
	objects = {

/* Begin PBXBuildFile section */
		CA3663C6435589597F20313B /* Pods_A04_FinalApp_Books.framework in Frameworks */ = {isa = PBXBuildFile; fileRef = A439B0C4E12FC35364C39953 /* Pods_A04_FinalApp_Books.framework */; };
		EF6AC9AD23F427C600963758 /* AppDelegate.swift in Sources */ = {isa = PBXBuildFile; fileRef = EF6AC9AC23F427C600963758 /* AppDelegate.swift */; };
		EF6AC9AF23F427C600963758 /* ViewController.swift in Sources */ = {isa = PBXBuildFile; fileRef = EF6AC9AE23F427C600963758 /* ViewController.swift */; };
		EF6AC9B223F427C600963758 /* Main.storyboard in Resources */ = {isa = PBXBuildFile; fileRef = EF6AC9B023F427C600963758 /* Main.storyboard */; };
		EF6AC9B523F427C600963758 /* A04_FinalApp_Books.xcdatamodeld in Sources */ = {isa = PBXBuildFile; fileRef = EF6AC9B323F427C600963758 /* A04_FinalApp_Books.xcdatamodeld */; };
		EF6AC9B723F427CE00963758 /* Assets.xcassets in Resources */ = {isa = PBXBuildFile; fileRef = EF6AC9B623F427CE00963758 /* Assets.xcassets */; };
		EF6AC9BA23F427CE00963758 /* LaunchScreen.storyboard in Resources */ = {isa = PBXBuildFile; fileRef = EF6AC9B823F427CE00963758 /* LaunchScreen.storyboard */; };
/* End PBXBuildFile section */

/* Begin PBXFileReference section */
		A439B0C4E12FC35364C39953 /* Pods_A04_FinalApp_Books.framework */ = {isa = PBXFileReference; explicitFileType = wrapper.framework; includeInIndex = 0; path = Pods_A04_FinalApp_Books.framework; sourceTree = BUILT_PRODUCTS_DIR; };
		B093D10D1BA720FC5CBE7A40 /* Pods-A04-FinalApp-Books.debug.xcconfig */ = {isa = PBXFileReference; includeInIndex = 1; lastKnownFileType = text.xcconfig; name = "Pods-A04-FinalApp-Books.debug.xcconfig"; path = "Pods/Target Support Files/Pods-A04-FinalApp-Books/Pods-A04-FinalApp-Books.debug.xcconfig"; sourceTree = "<group>"; };
		B0DF71D3E01B112D6E2908ED /* Pods-A04-FinalApp-Books.release.xcconfig */ = {isa = PBXFileReference; includeInIndex = 1; lastKnownFileType = text.xcconfig; name = "Pods-A04-FinalApp-Books.release.xcconfig"; path = "Pods/Target Support Files/Pods-A04-FinalApp-Books/Pods-A04-FinalApp-Books.release.xcconfig"; sourceTree = "<group>"; };
		EF6AC9A923F427C600963758 /* A04-FinalApp-Books.app */ = {isa = PBXFileReference; explicitFileType = wrapper.application; includeInIndex = 0; path = "A04-FinalApp-Books.app"; sourceTree = BUILT_PRODUCTS_DIR; };
		EF6AC9AC23F427C600963758 /* AppDelegate.swift */ = {isa = PBXFileReference; lastKnownFileType = sourcecode.swift; path = AppDelegate.swift; sourceTree = "<group>"; };
		EF6AC9AE23F427C600963758 /* ViewController.swift */ = {isa = PBXFileReference; lastKnownFileType = sourcecode.swift; path = ViewController.swift; sourceTree = "<group>"; };
		EF6AC9B123F427C600963758 /* Base */ = {isa = PBXFileReference; lastKnownFileType = file.storyboard; name = Base; path = Base.lproj/Main.storyboard; sourceTree = "<group>"; };
		EF6AC9B423F427C600963758 /* A04_FinalApp_Books.xcdatamodel */ = {isa = PBXFileReference; lastKnownFileType = wrapper.xcdatamodel; path = A04_FinalApp_Books.xcdatamodel; sourceTree = "<group>"; };
		EF6AC9B623F427CE00963758 /* Assets.xcassets */ = {isa = PBXFileReference; lastKnownFileType = folder.assetcatalog; path = Assets.xcassets; sourceTree = "<group>"; };
		EF6AC9B923F427CE00963758 /* Base */ = {isa = PBXFileReference; lastKnownFileType = file.storyboard; name = Base; path = Base.lproj/LaunchScreen.storyboard; sourceTree = "<group>"; };
		EF6AC9BB23F427CE00963758 /* Info.plist */ = {isa = PBXFileReference; lastKnownFileType = text.plist.xml; path = Info.plist; sourceTree = "<group>"; };
/* End PBXFileReference section */

/* Begin PBXFrameworksBuildPhase section */
		EF6AC9A623F427C600963758 /* Frameworks */ = {
			isa = PBXFrameworksBuildPhase;
			buildActionMask = 2147483647;
			files = (
				CA3663C6435589597F20313B /* Pods_A04_FinalApp_Books.framework in Frameworks */,
			);
			runOnlyForDeploymentPostprocessing = 0;
		};
/* End PBXFrameworksBuildPhase section */

/* Begin PBXGroup section */
		06AFAD770465497213F462C4 /* Frameworks */ = {
			isa = PBXGroup;
			children = (
				A439B0C4E12FC35364C39953 /* Pods_A04_FinalApp_Books.framework */,
			);
			name = Frameworks;
			sourceTree = "<group>";
		};
		EECCD41883B55D2A75173D91 /* Pods */ = {
			isa = PBXGroup;
			children = (
				B093D10D1BA720FC5CBE7A40 /* Pods-A04-FinalApp-Books.debug.xcconfig */,
				B0DF71D3E01B112D6E2908ED /* Pods-A04-FinalApp-Books.release.xcconfig */,
			);
			name = Pods;
			sourceTree = "<group>";
		};
		EF6AC9A023F427C500963758 = {
			isa = PBXGroup;
			children = (
				EF6AC9AB23F427C600963758 /* A04-FinalApp-Books */,
				EF6AC9AA23F427C600963758 /* Products */,
				EECCD41883B55D2A75173D91 /* Pods */,
				06AFAD770465497213F462C4 /* Frameworks */,
			);
			sourceTree = "<group>";
		};
		EF6AC9AA23F427C600963758 /* Products */ = {
			isa = PBXGroup;
			children = (
				EF6AC9A923F427C600963758 /* A04-FinalApp-Books.app */,
			);
			name = Products;
			sourceTree = "<group>";
		};
		EF6AC9AB23F427C600963758 /* A04-FinalApp-Books */ = {
			isa = PBXGroup;
			children = (
				EF6AC9AC23F427C600963758 /* AppDelegate.swift */,
				EF6AC9AE23F427C600963758 /* ViewController.swift */,
				EF6AC9B023F427C600963758 /* Main.storyboard */,
				EF6AC9B623F427CE00963758 /* Assets.xcassets */,
				EF6AC9B823F427CE00963758 /* LaunchScreen.storyboard */,
				EF6AC9BB23F427CE00963758 /* Info.plist */,
				EF6AC9B323F427C600963758 /* A04_FinalApp_Books.xcdatamodeld */,
			);
			path = "A04-FinalApp-Books";
			sourceTree = "<group>";
		};
/* End PBXGroup section */

/* Begin PBXNativeTarget section */
		EF6AC9A823F427C600963758 /* A04-FinalApp-Books */ = {
			isa = PBXNativeTarget;
			buildConfigurationList = EF6AC9BE23F427CE00963758 /* Build configuration list for PBXNativeTarget "A04-FinalApp-Books" */;
			buildPhases = (
				F9713E18FE4D4FD68E90C35C /* [CP] Check Pods Manifest.lock */,
				EF6AC9A523F427C600963758 /* Sources */,
				EF6AC9A623F427C600963758 /* Frameworks */,
				EF6AC9A723F427C600963758 /* Resources */,
				A66020B2AF1B7D14335A89CC /* [CP] Embed Pods Frameworks */,
			);
			buildRules = (
			);
			dependencies = (
			);
			name = "A04-FinalApp-Books";
			productName = "A04-FinalApp-Books";
			productReference = EF6AC9A923F427C600963758 /* A04-FinalApp-Books.app */;
			productType = "com.apple.product-type.application";
		};
/* End PBXNativeTarget section */

/* Begin PBXProject section */
		EF6AC9A123F427C500963758 /* Project object */ = {
			isa = PBXProject;
			attributes = {
				LastSwiftUpdateCheck = 0930;
				LastUpgradeCheck = 0930;
				ORGANIZATIONNAME = "Olivia Sartorius Freschet";
				TargetAttributes = {
					EF6AC9A823F427C600963758 = {
						CreatedOnToolsVersion = 9.3;
					};
				};
			};
			buildConfigurationList = EF6AC9A423F427C500963758 /* Build configuration list for PBXProject "A04-FinalApp-Books" */;
			compatibilityVersion = "Xcode 9.3";
			developmentRegion = en;
			hasScannedForEncodings = 0;
			knownRegions = (
				en,
				Base,
			);
			mainGroup = EF6AC9A023F427C500963758;
			productRefGroup = EF6AC9AA23F427C600963758 /* Products */;
			projectDirPath = "";
			projectRoot = "";
			targets = (
				EF6AC9A823F427C600963758 /* A04-FinalApp-Books */,
			);
		};
/* End PBXProject section */

/* Begin PBXResourcesBuildPhase section */
		EF6AC9A723F427C600963758 /* Resources */ = {
			isa = PBXResourcesBuildPhase;
			buildActionMask = 2147483647;
			files = (
				EF6AC9BA23F427CE00963758 /* LaunchScreen.storyboard in Resources */,
				EF6AC9B723F427CE00963758 /* Assets.xcassets in Resources */,
				EF6AC9B223F427C600963758 /* Main.storyboard in Resources */,
			);
			runOnlyForDeploymentPostprocessing = 0;
		};
/* End PBXResourcesBuildPhase section */

/* Begin PBXShellScriptBuildPhase section */
		A66020B2AF1B7D14335A89CC /* [CP] Embed Pods Frameworks */ = {
			isa = PBXShellScriptBuildPhase;
			buildActionMask = 2147483647;
			files = (
			);
			inputFileListPaths = (
			);
			inputPaths = (
				"${SRCROOT}/Pods/Target Support Files/Pods-A04-FinalApp-Books/Pods-A04-FinalApp-Books-frameworks.sh",
				"${BUILT_PRODUCTS_DIR}/GoogleToolboxForMac/GoogleToolboxForMac.framework",
				"${BUILT_PRODUCTS_DIR}/nanopb/nanopb.framework",
			);
			name = "[CP] Embed Pods Frameworks";
			outputFileListPaths = (
			);
			outputPaths = (
				"${TARGET_BUILD_DIR}/${FRAMEWORKS_FOLDER_PATH}/GoogleToolboxForMac.framework",
				"${TARGET_BUILD_DIR}/${FRAMEWORKS_FOLDER_PATH}/nanopb.framework",
			);
			runOnlyForDeploymentPostprocessing = 0;
			shellPath = /bin/sh;
			shellScript = "\"${SRCROOT}/Pods/Target Support Files/Pods-A04-FinalApp-Books/Pods-A04-FinalApp-Books-frameworks.sh\"\n";
			showEnvVarsInLog = 0;
		};
		F9713E18FE4D4FD68E90C35C /* [CP] Check Pods Manifest.lock */ = {
			isa = PBXShellScriptBuildPhase;
			buildActionMask = 2147483647;
			files = (
			);
			inputFileListPaths = (
			);
			inputPaths = (
				"${PODS_PODFILE_DIR_PATH}/Podfile.lock",
				"${PODS_ROOT}/Manifest.lock",
			);
			name = "[CP] Check Pods Manifest.lock";
			outputFileListPaths = (
			);
			outputPaths = (
				"$(DERIVED_FILE_DIR)/Pods-A04-FinalApp-Books-checkManifestLockResult.txt",
			);
			runOnlyForDeploymentPostprocessing = 0;
			shellPath = /bin/sh;
			shellScript = "diff \"${PODS_PODFILE_DIR_PATH}/Podfile.lock\" \"${PODS_ROOT}/Manifest.lock\" > /dev/null\nif [ $? != 0 ] ; then\n    # print error to STDERR\n    echo \"error: The sandbox is not in sync with the Podfile.lock. Run 'pod install' or update your CocoaPods installation.\" >&2\n    exit 1\nfi\n# This output is used by Xcode 'outputs' to avoid re-running this script phase.\necho \"SUCCESS\" > \"${SCRIPT_OUTPUT_FILE_0}\"\n";
			showEnvVarsInLog = 0;
		};
/* End PBXShellScriptBuildPhase section */

/* Begin PBXSourcesBuildPhase section */
		EF6AC9A523F427C600963758 /* Sources */ = {
			isa = PBXSourcesBuildPhase;
			buildActionMask = 2147483647;
			files = (
				EF6AC9AF23F427C600963758 /* ViewController.swift in Sources */,
				EF6AC9AD23F427C600963758 /* AppDelegate.swift in Sources */,
				EF6AC9B523F427C600963758 /* A04_FinalApp_Books.xcdatamodeld in Sources */,
			);
			runOnlyForDeploymentPostprocessing = 0;
		};
/* End PBXSourcesBuildPhase section */

/* Begin PBXVariantGroup section */
		EF6AC9B023F427C600963758 /* Main.storyboard */ = {
			isa = PBXVariantGroup;
			children = (
				EF6AC9B123F427C600963758 /* Base */,
			);
			name = Main.storyboard;
			sourceTree = "<group>";
		};
		EF6AC9B823F427CE00963758 /* LaunchScreen.storyboard */ = {
			isa = PBXVariantGroup;
			children = (
				EF6AC9B923F427CE00963758 /* Base */,
			);
			name = LaunchScreen.storyboard;
			sourceTree = "<group>";
		};
/* End PBXVariantGroup section */

/* Begin XCBuildConfiguration section */
		EF6AC9BC23F427CE00963758 /* Debug */ = {
			isa = XCBuildConfiguration;
			buildSettings = {
				ALWAYS_SEARCH_USER_PATHS = NO;
				CLANG_ANALYZER_NONNULL = YES;
				CLANG_ANALYZER_NUMBER_OBJECT_CONVERSION = YES_AGGRESSIVE;
				CLANG_CXX_LANGUAGE_STANDARD = "gnu++14";
				CLANG_CXX_LIBRARY = "libc++";
				CLANG_ENABLE_MODULES = YES;
				CLANG_ENABLE_OBJC_ARC = YES;
				CLANG_ENABLE_OBJC_WEAK = YES;
				CLANG_WARN_BLOCK_CAPTURE_AUTORELEASING = YES;
				CLANG_WARN_BOOL_CONVERSION = YES;
				CLANG_WARN_COMMA = YES;
				CLANG_WARN_CONSTANT_CONVERSION = YES;
				CLANG_WARN_DEPRECATED_OBJC_IMPLEMENTATIONS = YES;
				CLANG_WARN_DIRECT_OBJC_ISA_USAGE = YES_ERROR;
				CLANG_WARN_DOCUMENTATION_COMMENTS = YES;
				CLANG_WARN_EMPTY_BODY = YES;
				CLANG_WARN_ENUM_CONVERSION = YES;
				CLANG_WARN_INFINITE_RECURSION = YES;
				CLANG_WARN_INT_CONVERSION = YES;
				CLANG_WARN_NON_LITERAL_NULL_CONVERSION = YES;
				CLANG_WARN_OBJC_IMPLICIT_RETAIN_SELF = YES;
				CLANG_WARN_OBJC_LITERAL_CONVERSION = YES;
				CLANG_WARN_OBJC_ROOT_CLASS = YES_ERROR;
				CLANG_WARN_RANGE_LOOP_ANALYSIS = YES;
				CLANG_WARN_STRICT_PROTOTYPES = YES;
				CLANG_WARN_SUSPICIOUS_MOVE = YES;
				CLANG_WARN_UNGUARDED_AVAILABILITY = YES_AGGRESSIVE;
				CLANG_WARN_UNREACHABLE_CODE = YES;
				CLANG_WARN__DUPLICATE_METHOD_MATCH = YES;
				CODE_SIGN_IDENTITY = "iPhone Developer";
				COPY_PHASE_STRIP = NO;
				DEBUG_INFORMATION_FORMAT = dwarf;
				ENABLE_STRICT_OBJC_MSGSEND = YES;
				ENABLE_TESTABILITY = YES;
				GCC_C_LANGUAGE_STANDARD = gnu11;
				GCC_DYNAMIC_NO_PIC = NO;
				GCC_NO_COMMON_BLOCKS = YES;
				GCC_OPTIMIZATION_LEVEL = 0;
				GCC_PREPROCESSOR_DEFINITIONS = (
					"DEBUG=1",
					"$(inherited)",
				);
				GCC_WARN_64_TO_32_BIT_CONVERSION = YES;
				GCC_WARN_ABOUT_RETURN_TYPE = YES_ERROR;
				GCC_WARN_UNDECLARED_SELECTOR = YES;
				GCC_WARN_UNINITIALIZED_AUTOS = YES_AGGRESSIVE;
				GCC_WARN_UNUSED_FUNCTION = YES;
				GCC_WARN_UNUSED_VARIABLE = YES;
				IPHONEOS_DEPLOYMENT_TARGET = 11.3;
				MTL_ENABLE_DEBUG_INFO = YES;
				ONLY_ACTIVE_ARCH = YES;
				SDKROOT = iphoneos;
				SWIFT_ACTIVE_COMPILATION_CONDITIONS = DEBUG;
				SWIFT_OPTIMIZATION_LEVEL = "-Onone";
			};
			name = Debug;
		};
		EF6AC9BD23F427CE00963758 /* Release */ = {
			isa = XCBuildConfiguration;
			buildSettings = {
				ALWAYS_SEARCH_USER_PATHS = NO;
				CLANG_ANALYZER_NONNULL = YES;
				CLANG_ANALYZER_NUMBER_OBJECT_CONVERSION = YES_AGGRESSIVE;
				CLANG_CXX_LANGUAGE_STANDARD = "gnu++14";
				CLANG_CXX_LIBRARY = "libc++";
				CLANG_ENABLE_MODULES = YES;
				CLANG_ENABLE_OBJC_ARC = YES;
				CLANG_ENABLE_OBJC_WEAK = YES;
				CLANG_WARN_BLOCK_CAPTURE_AUTORELEASING = YES;
				CLANG_WARN_BOOL_CONVERSION = YES;
				CLANG_WARN_COMMA = YES;
				CLANG_WARN_CONSTANT_CONVERSION = YES;
				CLANG_WARN_DEPRECATED_OBJC_IMPLEMENTATIONS = YES;
				CLANG_WARN_DIRECT_OBJC_ISA_USAGE = YES_ERROR;
				CLANG_WARN_DOCUMENTATION_COMMENTS = YES;
				CLANG_WARN_EMPTY_BODY = YES;
				CLANG_WARN_ENUM_CONVERSION = YES;
				CLANG_WARN_INFINITE_RECURSION = YES;
				CLANG_WARN_INT_CONVERSION = YES;
				CLANG_WARN_NON_LITERAL_NULL_CONVERSION = YES;
				CLANG_WARN_OBJC_IMPLICIT_RETAIN_SELF = YES;
				CLANG_WARN_OBJC_LITERAL_CONVERSION = YES;
				CLANG_WARN_OBJC_ROOT_CLASS = YES_ERROR;
				CLANG_WARN_RANGE_LOOP_ANALYSIS = YES;
				CLANG_WARN_STRICT_PROTOTYPES = YES;
				CLANG_WARN_SUSPICIOUS_MOVE = YES;
				CLANG_WARN_UNGUARDED_AVAILABILITY = YES_AGGRESSIVE;
				CLANG_WARN_UNREACHABLE_CODE = YES;
				CLANG_WARN__DUPLICATE_METHOD_MATCH = YES;
				CODE_SIGN_IDENTITY = "iPhone Developer";
				COPY_PHASE_STRIP = NO;
				DEBUG_INFORMATION_FORMAT = "dwarf-with-dsym";
				ENABLE_NS_ASSERTIONS = NO;
				ENABLE_STRICT_OBJC_MSGSEND = YES;
				GCC_C_LANGUAGE_STANDARD = gnu11;
				GCC_NO_COMMON_BLOCKS = YES;
				GCC_WARN_64_TO_32_BIT_CONVERSION = YES;
				GCC_WARN_ABOUT_RETURN_TYPE = YES_ERROR;
				GCC_WARN_UNDECLARED_SELECTOR = YES;
				GCC_WARN_UNINITIALIZED_AUTOS = YES_AGGRESSIVE;
				GCC_WARN_UNUSED_FUNCTION = YES;
				GCC_WARN_UNUSED_VARIABLE = YES;
				IPHONEOS_DEPLOYMENT_TARGET = 11.3;
				MTL_ENABLE_DEBUG_INFO = NO;
				SDKROOT = iphoneos;
				SWIFT_COMPILATION_MODE = wholemodule;
				SWIFT_OPTIMIZATION_LEVEL = "-O";
				VALIDATE_PRODUCT = YES;
			};
			name = Release;
		};
		EF6AC9BF23F427CE00963758 /* Debug */ = {
			isa = XCBuildConfiguration;
			baseConfigurationReference = B093D10D1BA720FC5CBE7A40 /* Pods-A04-FinalApp-Books.debug.xcconfig */;
			buildSettings = {
				ASSETCATALOG_COMPILER_APPICON_NAME = AppIcon;
				CODE_SIGN_STYLE = Automatic;
				INFOPLIST_FILE = "A04-FinalApp-Books/Info.plist";
				LD_RUNPATH_SEARCH_PATHS = (
					"$(inherited)",
					"@executable_path/Frameworks",
				);
				PRODUCT_BUNDLE_IDENTIFIER = "osf.A04-FinalApp-Books";
				PRODUCT_NAME = "$(TARGET_NAME)";
				SWIFT_VERSION = 4.0;
				TARGETED_DEVICE_FAMILY = "1,2";
			};
			name = Debug;
		};
		EF6AC9C023F427CE00963758 /* Release */ = {
			isa = XCBuildConfiguration;
			baseConfigurationReference = B0DF71D3E01B112D6E2908ED /* Pods-A04-FinalApp-Books.release.xcconfig */;
			buildSettings = {
				ASSETCATALOG_COMPILER_APPICON_NAME = AppIcon;
				CODE_SIGN_STYLE = Automatic;
				INFOPLIST_FILE = "A04-FinalApp-Books/Info.plist";
				LD_RUNPATH_SEARCH_PATHS = (
					"$(inherited)",
					"@executable_path/Frameworks",
				);
				PRODUCT_BUNDLE_IDENTIFIER = "osf.A04-FinalApp-Books";
				PRODUCT_NAME = "$(TARGET_NAME)";
				SWIFT_VERSION = 4.0;
				TARGETED_DEVICE_FAMILY = "1,2";
			};
			name = Release;
		};
/* End XCBuildConfiguration section */

/* Begin XCConfigurationList section */
		EF6AC9A423F427C500963758 /* Build configuration list for PBXProject "A04-FinalApp-Books" */ = {
			isa = XCConfigurationList;
			buildConfigurations = (
				EF6AC9BC23F427CE00963758 /* Debug */,
				EF6AC9BD23F427CE00963758 /* Release */,
			);
			defaultConfigurationIsVisible = 0;
			defaultConfigurationName = Release;
		};
		EF6AC9BE23F427CE00963758 /* Build configuration list for PBXNativeTarget "A04-FinalApp-Books" */ = {
			isa = XCConfigurationList;
			buildConfigurations = (
				EF6AC9BF23F427CE00963758 /* Debug */,
				EF6AC9C023F427CE00963758 /* Release */,
			);
			defaultConfigurationIsVisible = 0;
			defaultConfigurationName = Release;
		};
/* End XCConfigurationList section */

/* Begin XCVersionGroup section */
		EF6AC9B323F427C600963758 /* A04_FinalApp_Books.xcdatamodeld */ = {
			isa = XCVersionGroup;
			children = (
				EF6AC9B423F427C600963758 /* A04_FinalApp_Books.xcdatamodel */,
			);
			currentVersion = EF6AC9B423F427C600963758 /* A04_FinalApp_Books.xcdatamodel */;
			path = A04_FinalApp_Books.xcdatamodeld;
			sourceTree = "<group>";
			versionGroupType = wrapper.xcdatamodel;
		};
/* End XCVersionGroup section */
	};
	rootObject = EF6AC9A123F427C500963758 /* Project object */;
}
